
Microsoft Visual Studio Solution File, Format Version 12.00
# Visual Studio Version 17
VisualStudioVersion = 17.11.35303.130
MinimumVisualStudioVersion = 10.0.40219.1
Project("{FAE04EC0-301F-11D3-BF4B-00C04F79EFBC}") = "ToDoListApp", "ToDoListApp\ToDoListApp.csproj", "{24E3C01E-D7F1-454D-906A-ED7A73E2BC20}"
EndProject
Global
	GlobalSection(SolutionConfigurationPlatforms) = preSolution
		Debug|Any CPU = Debug|Any CPU
		Release|Any CPU = Release|Any CPU
	EndGlobalSection
	GlobalSection(ProjectConfigurationPlatforms) = postSolution
		{24E3C01E-D7F1-454D-906A-ED7A73E2BC20}.Debug|Any CPU.ActiveCfg = Debug|Any CPU
		{24E3C01E-D7F1-454D-906A-ED7A73E2BC20}.Debug|Any CPU.Build.0 = Debug|Any CPU
		{24E3C01E-D7F1-454D-906A-ED7A73E2BC20}.Release|Any CPU.ActiveCfg = Release|Any CPU
		{24E3C01E-D7F1-454D-906A-ED7A73E2BC20}.Release|Any CPU.Build.0 = Release|Any CPU
	EndGlobalSection
	GlobalSection(SolutionProperties) = preSolution
		HideSolutionNode = FALSE
	EndGlobalSection
	GlobalSection(ExtensibilityGlobals) = postSolution
		SolutionGuid = {C7D1AA33-25E3-4FC8-8518-7330C45D0298}
	EndGlobalSection
EndGlobal
